
Microsoft Visual Studio Solution File, Format Version 12.00
# Visual Studio Version 16
VisualStudioVersion = 16.0.31624.102
MinimumVisualStudioVersion = 10.0.40219.1
Project("{00D1A9C2-B5F0-4AF3-8072-F6C62B433612}") = "Stms.TechnicalActP1", "Stms.TechnicalActP1\Stms.TechnicalActP1.sqlproj", "{257C3586-4A91-44FF-AA44-C6C75CA27DDE}"
EndProject
Global
	GlobalSection(SolutionConfigurationPlatforms) = preSolution
		Debug|Any CPU = Debug|Any CPU
		Release|Any CPU = Release|Any CPU
	EndGlobalSection
	GlobalSection(ProjectConfigurationPlatforms) = postSolution
		{257C3586-4A91-44FF-AA44-C6C75CA27DDE}.Debug|Any CPU.ActiveCfg = Debug|Any CPU
		{257C3586-4A91-44FF-AA44-C6C75CA27DDE}.Debug|Any CPU.Build.0 = Debug|Any CPU
		{257C3586-4A91-44FF-AA44-C6C75CA27DDE}.Debug|Any CPU.Deploy.0 = Debug|Any CPU
		{257C3586-4A91-44FF-AA44-C6C75CA27DDE}.Release|Any CPU.ActiveCfg = Release|Any CPU
		{257C3586-4A91-44FF-AA44-C6C75CA27DDE}.Release|Any CPU.Build.0 = Release|Any CPU
		{257C3586-4A91-44FF-AA44-C6C75CA27DDE}.Release|Any CPU.Deploy.0 = Release|Any CPU
	EndGlobalSection
	GlobalSection(SolutionProperties) = preSolution
		HideSolutionNode = FALSE
	EndGlobalSection
	GlobalSection(ExtensibilityGlobals) = postSolution
		SolutionGuid = {F9EB2768-4CBA-437E-B04B-841F38339280}
	EndGlobalSection
EndGlobal
